# THIS IS AN AUTOGENERATED FILE. DO NOT EDIT THIS FILE DIRECTLY.
# yarn lockfile v1


"@types/node@^16.10.2":
  version "16.10.2"
  resolved "https://registry.yarnpkg.com/@types/node/-/node-16.10.2.tgz#5764ca9aa94470adb4e1185fe2e9f19458992b2e"
  integrity sha512-zCclL4/rx+W5SQTzFs9wyvvyCwoK9QtBpratqz2IYJ3O8Umrn0m3nsTv0wQBk9sRGpvUe9CwPDrQFB10f1FIjQ==

import-sort-parser@^6.0.0:
  version "6.0.0"
  resolved "https://registry.yarnpkg.com/import-sort-parser/-/import-sort-parser-6.0.0.tgz#0d901f264d98ed7caaae71f66128a686f828f2f4"
  integrity sha512-H5L+d6HnqHvThB0GmAA3/43Sv74oCwL0iMk3/ixOv0LRJ69rCyHXeG/+UadMHrD2FefEmgPIWboEPAG7gsQrkA==

import-sort-style@^6.0.0:
  version "6.0.0"
  resolved "https://registry.yarnpkg.com/import-sort-style/-/import-sort-style-6.0.0.tgz#088523f056e5064c34a6426f4733674d81b42e6a"
  integrity sha512-z0H5PKs7YoDeKxNYXv2AA1mjjZFY07fjeNCXUdTM3ymJtWeeEoTm8CQkFm2l+KPZoMczIvdwzJpWkkOamBnsPw==

typescript@^4.4.3:
  version "4.4.3"
  resolved "https://registry.yarnpkg.com/typescript/-/typescript-4.4.3.tgz#bdc5407caa2b109efd4f82fe130656f977a29324"
  integrity sha512-4xfscpisVgqqDfPaJo5vkd+Qd/ItkoagnHpufr+i2QCHBsNYp+G7UAoyFl8aPtx879u38wPV65rZ8qbGZijalA==
